// !$*UTF8*$!
{
	archiveVersion = 1;
	classes = {
	};
	objectVersion = 46;
	objects = {

/* Begin PBXBuildFile section */
		DF652D711EEFD61000484926 /* main.m in Sources */ = {isa = PBXBuildFile; fileRef = DF652D701EEFD61000484926 /* main.m */; };
		DF652D741EEFD61000484926 /* AppDelegate.m in Sources */ = {isa = PBXBuildFile; fileRef = DF652D731EEFD61000484926 /* AppDelegate.m */; };
		DF652D771EEFD61000484926 /* ViewController.m in Sources */ = {isa = PBXBuildFile; fileRef = DF652D761EEFD61000484926 /* ViewController.m */; };
		DF652D7A1EEFD61000484926 /* Main.storyboard in Resources */ = {isa = PBXBuildFile; fileRef = DF652D781EEFD61000484926 /* Main.storyboard */; };
		DF652D7C1EEFD61000484926 /* Assets.xcassets in Resources */ = {isa = PBXBuildFile; fileRef = DF652D7B1EEFD61000484926 /* Assets.xcassets */; };
		DF652D7F1EEFD61000484926 /* LaunchScreen.storyboard in Resources */ = {isa = PBXBuildFile; fileRef = DF652D7D1EEFD61000484926 /* LaunchScreen.storyboard */; };
		DF652D881EEFD6F400484926 /* advanceImageView.m in Sources */ = {isa = PBXBuildFile; fileRef = DF652D871EEFD6F400484926 /* advanceImageView.m */; };
/* End PBXBuildFile section */

/* Begin PBXFileReference section */
		DF652D6C1EEFD61000484926 /* HelloAdvanceImageView.app */ = {isa = PBXFileReference; explicitFileType = wrapper.application; includeInIndex = 0; path = HelloAdvanceImageView.app; sourceTree = BUILT_PRODUCTS_DIR; };
		DF652D701EEFD61000484926 /* main.m */ = {isa = PBXFileReference; lastKnownFileType = sourcecode.c.objc; path = main.m; sourceTree = "<group>"; };
		DF652D721EEFD61000484926 /* AppDelegate.h */ = {isa = PBXFileReference; lastKnownFileType = sourcecode.c.h; path = AppDelegate.h; sourceTree = "<group>"; };
		DF652D731EEFD61000484926 /* AppDelegate.m */ = {isa = PBXFileReference; lastKnownFileType = sourcecode.c.objc; path = AppDelegate.m; sourceTree = "<group>"; };
		DF652D751EEFD61000484926 /* ViewController.h */ = {isa = PBXFileReference; lastKnownFileType = sourcecode.c.h; path = ViewController.h; sourceTree = "<group>"; };
		DF652D761EEFD61000484926 /* ViewController.m */ = {isa = PBXFileReference; lastKnownFileType = sourcecode.c.objc; path = ViewController.m; sourceTree = "<group>"; };
		DF652D791EEFD61000484926 /* Base */ = {isa = PBXFileReference; lastKnownFileType = file.storyboard; name = Base; path = Base.lproj/Main.storyboard; sourceTree = "<group>"; };
		DF652D7B1EEFD61000484926 /* Assets.xcassets */ = {isa = PBXFileReference; lastKnownFileType = folder.assetcatalog; path = Assets.xcassets; sourceTree = "<group>"; };
		DF652D7E1EEFD61000484926 /* Base */ = {isa = PBXFileReference; lastKnownFileType = file.storyboard; name = Base; path = Base.lproj/LaunchScreen.storyboard; sourceTree = "<group>"; };
		DF652D801EEFD61000484926 /* Info.plist */ = {isa = PBXFileReference; lastKnownFileType = text.plist.xml; path = Info.plist; sourceTree = "<group>"; };
		DF652D861EEFD6F400484926 /* advanceImageView.h */ = {isa = PBXFileReference; fileEncoding = 4; lastKnownFileType = sourcecode.c.h; name = advanceImageView.h; path = ../advanceImageView.h; sourceTree = "<group>"; };
		DF652D871EEFD6F400484926 /* advanceImageView.m */ = {isa = PBXFileReference; fileEncoding = 4; lastKnownFileType = sourcecode.c.objc; name = advanceImageView.m; path = ../advanceImageView.m; sourceTree = "<group>"; };
/* End PBXFileReference section */

/* Begin PBXFrameworksBuildPhase section */
		DF652D691EEFD61000484926 /* Frameworks */ = {
			isa = PBXFrameworksBuildPhase;
			buildActionMask = 2147483647;
			files = (
			);
			runOnlyForDeploymentPostprocessing = 0;
		};
/* End PBXFrameworksBuildPhase section */

/* Begin PBXGroup section */
		DF652D631EEFD61000484926 = {
			isa = PBXGroup;
			children = (
				DF652D6E1EEFD61000484926 /* HelloAdvanceImageView */,
				DF652D6D1EEFD61000484926 /* Products */,
			);
			sourceTree = "<group>";
		};
		DF652D6D1EEFD61000484926 /* Products */ = {
			isa = PBXGroup;
			children = (
				DF652D6C1EEFD61000484926 /* HelloAdvanceImageView.app */,
			);
			name = Products;
			sourceTree = "<group>";
		};
		DF652D6E1EEFD61000484926 /* HelloAdvanceImageView */ = {
			isa = PBXGroup;
			children = (
				DF652D861EEFD6F400484926 /* advanceImageView.h */,
				DF652D871EEFD6F400484926 /* advanceImageView.m */,
				DF652D721EEFD61000484926 /* AppDelegate.h */,
				DF652D731EEFD61000484926 /* AppDelegate.m */,
				DF652D751EEFD61000484926 /* ViewController.h */,
				DF652D761EEFD61000484926 /* ViewController.m */,
				DF652D781EEFD61000484926 /* Main.storyboard */,
				DF652D7B1EEFD61000484926 /* Assets.xcassets */,
				DF652D7D1EEFD61000484926 /* LaunchScreen.storyboard */,
				DF652D801EEFD61000484926 /* Info.plist */,
				DF652D6F1EEFD61000484926 /* Supporting Files */,
			);
			path = HelloAdvanceImageView;
			sourceTree = "<group>";
		};
		DF652D6F1EEFD61000484926 /* Supporting Files */ = {
			isa = PBXGroup;
			children = (
				DF652D701EEFD61000484926 /* main.m */,
			);
			name = "Supporting Files";
			sourceTree = "<group>";
		};
/* End PBXGroup section */

/* Begin PBXNativeTarget section */
		DF652D6B1EEFD61000484926 /* HelloAdvanceImageView */ = {
			isa = PBXNativeTarget;
			buildConfigurationList = DF652D831EEFD61000484926 /* Build configuration list for PBXNativeTarget "HelloAdvanceImageView" */;
			buildPhases = (
				DF652D681EEFD61000484926 /* Sources */,
				DF652D691EEFD61000484926 /* Frameworks */,
				DF652D6A1EEFD61000484926 /* Resources */,
			);
			buildRules = (
			);
			dependencies = (
			);
			name = HelloAdvanceImageView;
			productName = HelloAdvanceImageView;
			productReference = DF652D6C1EEFD61000484926 /* HelloAdvanceImageView.app */;
			productType = "com.apple.product-type.application";
		};
/* End PBXNativeTarget section */

/* Begin PBXProject section */
		DF652D641EEFD61000484926 /* Project object */ = {
			isa = PBXProject;
			attributes = {
				LastUpgradeCheck = 0830;
				ORGANIZATIONNAME = "陳韋傑";
				TargetAttributes = {
					DF652D6B1EEFD61000484926 = {
						CreatedOnToolsVersion = 8.3.3;
						ProvisioningStyle = Automatic;
					};
				};
			};
			buildConfigurationList = DF652D671EEFD61000484926 /* Build configuration list for PBXProject "HelloAdvanceImageView" */;
			compatibilityVersion = "Xcode 3.2";
			developmentRegion = English;
			hasScannedForEncodings = 0;
			knownRegions = (
				en,
				Base,
			);
			mainGroup = DF652D631EEFD61000484926;
			productRefGroup = DF652D6D1EEFD61000484926 /* Products */;
			projectDirPath = "";
			projectRoot = "";
			targets = (
				DF652D6B1EEFD61000484926 /* HelloAdvanceImageView */,
			);
		};
/* End PBXProject section */

/* Begin PBXResourcesBuildPhase section */
		DF652D6A1EEFD61000484926 /* Resources */ = {
			isa = PBXResourcesBuildPhase;
			buildActionMask = 2147483647;
			files = (
				DF652D7F1EEFD61000484926 /* LaunchScreen.storyboard in Resources */,
				DF652D7C1EEFD61000484926 /* Assets.xcassets in Resources */,
				DF652D7A1EEFD61000484926 /* Main.storyboard in Resources */,
			);
			runOnlyForDeploymentPostprocessing = 0;
		};
/* End PBXResourcesBuildPhase section */

/* Begin PBXSourcesBuildPhase section */
		DF652D681EEFD61000484926 /* Sources */ = {
			isa = PBXSourcesBuildPhase;
			buildActionMask = 2147483647;
			files = (
				DF652D771EEFD61000484926 /* ViewController.m in Sources */,
				DF652D881EEFD6F400484926 /* advanceImageView.m in Sources */,
				DF652D741EEFD61000484926 /* AppDelegate.m in Sources */,
				DF652D711EEFD61000484926 /* main.m in Sources */,
			);
			runOnlyForDeploymentPostprocessing = 0;
		};
/* End PBXSourcesBuildPhase section */

/* Begin PBXVariantGroup section */
		DF652D781EEFD61000484926 /* Main.storyboard */ = {
			isa = PBXVariantGroup;
			children = (
				DF652D791EEFD61000484926 /* Base */,
			);
			name = Main.storyboard;
			sourceTree = "<group>";
		};
		DF652D7D1EEFD61000484926 /* LaunchScreen.storyboard */ = {
			isa = PBXVariantGroup;
			children = (
				DF652D7E1EEFD61000484926 /* Base */,
			);
			name = LaunchScreen.storyboard;
			sourceTree = "<group>";
		};
/* End PBXVariantGroup section */

/* Begin XCBuildConfiguration section */
		DF652D811EEFD61000484926 /* Debug */ = {
			isa = XCBuildConfiguration;
			buildSettings = {
				ALWAYS_SEARCH_USER_PATHS = NO;
				CLANG_ANALYZER_NONNULL = YES;
				CLANG_ANALYZER_NUMBER_OBJECT_CONVERSION = YES_AGGRESSIVE;
				CLANG_CXX_LANGUAGE_STANDARD = "gnu++0x";
				CLANG_CXX_LIBRARY = "libc++";
				CLANG_ENABLE_MODULES = YES;
				CLANG_ENABLE_OBJC_ARC = YES;
				CLANG_WARN_BOOL_CONVERSION = YES;
				CLANG_WARN_CONSTANT_CONVERSION = YES;
				CLANG_WARN_DIRECT_OBJC_ISA_USAGE = YES_ERROR;
				CLANG_WARN_DOCUMENTATION_COMMENTS = YES;
				CLANG_WARN_EMPTY_BODY = YES;
				CLANG_WARN_ENUM_CONVERSION = YES;
				CLANG_WARN_INFINITE_RECURSION = YES;
				CLANG_WARN_INT_CONVERSION = YES;
				CLANG_WARN_OBJC_ROOT_CLASS = YES_ERROR;
				CLANG_WARN_SUSPICIOUS_MOVE = YES;
				CLANG_WARN_UNREACHABLE_CODE = YES;
				CLANG_WARN__DUPLICATE_METHOD_MATCH = YES;
				"CODE_SIGN_IDENTITY[sdk=iphoneos*]" = "iPhone Developer";
				COPY_PHASE_STRIP = NO;
				DEBUG_INFORMATION_FORMAT = dwarf;
				ENABLE_STRICT_OBJC_MSGSEND = YES;
				ENABLE_TESTABILITY = YES;
				GCC_C_LANGUAGE_STANDARD = gnu99;
				GCC_DYNAMIC_NO_PIC = NO;
				GCC_NO_COMMON_BLOCKS = YES;
				GCC_OPTIMIZATION_LEVEL = 0;
				GCC_PREPROCESSOR_DEFINITIONS = (
					"DEBUG=1",
					"$(inherited)",
				);
				GCC_WARN_64_TO_32_BIT_CONVERSION = YES;
				GCC_WARN_ABOUT_RETURN_TYPE = YES_ERROR;
				GCC_WARN_UNDECLARED_SELECTOR = YES;
				GCC_WARN_UNINITIALIZED_AUTOS = YES_AGGRESSIVE;
				GCC_WARN_UNUSED_FUNCTION = YES;
				GCC_WARN_UNUSED_VARIABLE = YES;
				IPHONEOS_DEPLOYMENT_TARGET = 10.3;
				MTL_ENABLE_DEBUG_INFO = YES;
				ONLY_ACTIVE_ARCH = YES;
				SDKROOT = iphoneos;
				TARGETED_DEVICE_FAMILY = "1,2";
			};
			name = Debug;
		};
		DF652D821EEFD61000484926 /* Release */ = {
			isa = XCBuildConfiguration;
			buildSettings = {
				ALWAYS_SEARCH_USER_PATHS = NO;
				CLANG_ANALYZER_NONNULL = YES;
				CLANG_ANALYZER_NUMBER_OBJECT_CONVERSION = YES_AGGRESSIVE;
				CLANG_CXX_LANGUAGE_STANDARD = "gnu++0x";
				CLANG_CXX_LIBRARY = "libc++";
				CLANG_ENABLE_MODULES = YES;
				CLANG_ENABLE_OBJC_ARC = YES;
				CLANG_WARN_BOOL_CONVERSION = YES;
				CLANG_WARN_CONSTANT_CONVERSION = YES;
				CLANG_WARN_DIRECT_OBJC_ISA_USAGE = YES_ERROR;
				CLANG_WARN_DOCUMENTATION_COMMENTS = YES;
				CLANG_WARN_EMPTY_BODY = YES;
				CLANG_WARN_ENUM_CONVERSION = YES;
				CLANG_WARN_INFINITE_RECURSION = YES;
				CLANG_WARN_INT_CONVERSION = YES;
				CLANG_WARN_OBJC_ROOT_CLASS = YES_ERROR;
				CLANG_WARN_SUSPICIOUS_MOVE = YES;
				CLANG_WARN_UNREACHABLE_CODE = YES;
				CLANG_WARN__DUPLICATE_METHOD_MATCH = YES;
				"CODE_SIGN_IDENTITY[sdk=iphoneos*]" = "iPhone Developer";
				COPY_PHASE_STRIP = NO;
				DEBUG_INFORMATION_FORMAT = "dwarf-with-dsym";
				ENABLE_NS_ASSERTIONS = NO;
				ENABLE_STRICT_OBJC_MSGSEND = YES;
				GCC_C_LANGUAGE_STANDARD = gnu99;
				GCC_NO_COMMON_BLOCKS = YES;
				GCC_WARN_64_TO_32_BIT_CONVERSION = YES;
				GCC_WARN_ABOUT_RETURN_TYPE = YES_ERROR;
				GCC_WARN_UNDECLARED_SELECTOR = YES;
				GCC_WARN_UNINITIALIZED_AUTOS = YES_AGGRESSIVE;
				GCC_WARN_UNUSED_FUNCTION = YES;
				GCC_WARN_UNUSED_VARIABLE = YES;
				IPHONEOS_DEPLOYMENT_TARGET = 10.3;
				MTL_ENABLE_DEBUG_INFO = NO;
				SDKROOT = iphoneos;
				TARGETED_DEVICE_FAMILY = "1,2";
				VALIDATE_PRODUCT = YES;
			};
			name = Release;
		};
		DF652D841EEFD61000484926 /* Debug */ = {
			isa = XCBuildConfiguration;
			buildSettings = {
				ASSETCATALOG_COMPILER_APPICON_NAME = AppIcon;
				INFOPLIST_FILE = HelloAdvanceImageView/Info.plist;
				LD_RUNPATH_SEARCH_PATHS = "$(inherited) @executable_path/Frameworks";
				PRODUCT_BUNDLE_IDENTIFIER = com.HelloAdvanceImageView;
				PRODUCT_NAME = "$(TARGET_NAME)";
			};
			name = Debug;
		};
		DF652D851EEFD61000484926 /* Release */ = {
			isa = XCBuildConfiguration;
			buildSettings = {
				ASSETCATALOG_COMPILER_APPICON_NAME = AppIcon;
				INFOPLIST_FILE = HelloAdvanceImageView/Info.plist;
				LD_RUNPATH_SEARCH_PATHS = "$(inherited) @executable_path/Frameworks";
				PRODUCT_BUNDLE_IDENTIFIER = com.HelloAdvanceImageView;
				PRODUCT_NAME = "$(TARGET_NAME)";
			};
			name = Release;
		};
/* End XCBuildConfiguration section */

/* Begin XCConfigurationList section */
		DF652D671EEFD61000484926 /* Build configuration list for PBXProject "HelloAdvanceImageView" */ = {
			isa = XCConfigurationList;
			buildConfigurations = (
				DF652D811EEFD61000484926 /* Debug */,
				DF652D821EEFD61000484926 /* Release */,
			);
			defaultConfigurationIsVisible = 0;
			defaultConfigurationName = Release;
		};
		DF652D831EEFD61000484926 /* Build configuration list for PBXNativeTarget "HelloAdvanceImageView" */ = {
			isa = XCConfigurationList;
			buildConfigurations = (
				DF652D841EEFD61000484926 /* Debug */,
				DF652D851EEFD61000484926 /* Release */,
			);
			defaultConfigurationIsVisible = 0;
		};
/* End XCConfigurationList section */
	};
	rootObject = DF652D641EEFD61000484926 /* Project object */;
}
